<Solution>
  <Folder Name="/src/">
    <Project Path="src/Revoke.Core/Revoke.Core.csproj" />
    <Project Path="src/Revoke/Revoke.csproj" />
  </Folder>
  <Folder Name="/tests/">
    <Project Path="tests/Revoke.Core.Tests/Revoke.Core.Tests.csproj">
      <Platform Project="x64" />
    </Project>
  </Folder>
</Solution>
